
Microsoft Visual Studio Solution File, Format Version 12.00
# Visual Studio 15
VisualStudioVersion = 15.0.27130.2020
MinimumVisualStudioVersion = 10.0.40219.1
Project("{FAE04EC0-301F-11D3-BF4B-00C04F79EFBC}") = "01编程", "01编程\01编程.csproj", "{241A8531-6BFD-4BFE-82FF-EB1618117125}"
EndProject
Project("{FAE04EC0-301F-11D3-BF4B-00C04F79EFBC}") = "02变量", "02变量\02变量.csproj", "{D23C7046-DFF9-4C35-96ED-81537E4125DD}"
EndProject
Project("{FAE04EC0-301F-11D3-BF4B-00C04F79EFBC}") = "03定义变量", "03定义变量\03定义变量.csproj", "{B48DD0E0-0BCB-4CA5-89DA-D8B2E4965AD5}"
EndProject
Project("{FAE04EC0-301F-11D3-BF4B-00C04F79EFBC}") = "04表达式", "04表达式\04表达式.csproj", "{566AF507-B2F8-4B3D-A8F3-07D0AA0BF826}"
EndProject
Project("{FAE04EC0-301F-11D3-BF4B-00C04F79EFBC}") = "05布尔", "05布尔\05布尔.csproj", "{67A65852-BA52-49D1-8634-648B3D1BDE5D}"
EndProject
Project("{FAE04EC0-301F-11D3-BF4B-00C04F79EFBC}") = "06goto语句", "05goto语句\06goto语句.csproj", "{DA869B5A-F2C0-45CB-B8F6-4D31CA065FFD}"
EndProject
Project("{FAE04EC0-301F-11D3-BF4B-00C04F79EFBC}") = "07三元运算符", "07三元运算符\07三元运算符.csproj", "{AA69BD20-DF37-4FB9-806D-ED280CA97567}"
EndProject
Project("{FAE04EC0-301F-11D3-BF4B-00C04F79EFBC}") = "08if-else", "08if-else\08if-else.csproj", "{E62A5CBE-79E5-46C5-9727-265F396A3F48}"
EndProject
Project("{FAE04EC0-301F-11D3-BF4B-00C04F79EFBC}") = "09switch", "09switch\09switch.csproj", "{50A8AB52-6256-4631-8E00-43DA9A73ED68}"
EndProject
Project("{FAE04EC0-301F-11D3-BF4B-00C04F79EFBC}") = "10while-do while", "10while-do while\10while-do while.csproj", "{3E2F9CEA-16FF-4233-90E9-5C1554FBD344}"
EndProject
Project("{FAE04EC0-301F-11D3-BF4B-00C04F79EFBC}") = "11循环终止语句", "11循环终止语句\11循环终止语句.csproj", "{C02530FD-01AA-40D0-B592-04D6815EF099}"
EndProject
Project("{FAE04EC0-301F-11D3-BF4B-00C04F79EFBC}") = "12平方根", "12平方根\12平方根.csproj", "{55C65406-4759-4209-AE23-8B44F4EED1FD}"
EndProject
Project("{FAE04EC0-301F-11D3-BF4B-00C04F79EFBC}") = "13九九乘法表", "13九九乘法表\13九九乘法表.csproj", "{4157B1E7-060D-4A00-8CF7-1DA20C295CF2}"
EndProject
Project("{FAE04EC0-301F-11D3-BF4B-00C04F79EFBC}") = "14求素数", "14求素数\14求素数.csproj", "{59A8AF57-936C-4068-B799-37DC3A72A770}"
EndProject
Project("{FAE04EC0-301F-11D3-BF4B-00C04F79EFBC}") = "15求范围内的完数", "15求范围内的完数\15求范围内的完数.csproj", "{A7932236-2AE1-4AF6-91F3-083DF6EECB97}"
EndProject
Project("{FAE04EC0-301F-11D3-BF4B-00C04F79EFBC}") = "16类型转换", "16类型转换\16类型转换.csproj", "{925CCAF2-E859-4517-9826-F3D9E7AC39D4}"
EndProject
Project("{FAE04EC0-301F-11D3-BF4B-00C04F79EFBC}") = "17枚举类型", "17枚举类型\17枚举类型.csproj", "{BE270912-A24D-4855-8FC7-C656DEE82479}"
EndProject
Project("{FAE04EC0-301F-11D3-BF4B-00C04F79EFBC}") = "18结构体", "18结构体\18结构体.csproj", "{F8393F45-671D-4D9B-B802-5154E9183F8B}"
EndProject
Project("{FAE04EC0-301F-11D3-BF4B-00C04F79EFBC}") = "19数组", "19数组\19数组.csproj", "{923F1148-2071-4E12-B72E-9A5ACCFA0714}"
EndProject
Project("{FAE04EC0-301F-11D3-BF4B-00C04F79EFBC}") = "20各种遍历数组的方式", "20各种遍历数组的方式\20各种遍历数组的方式.csproj", "{0D472A4C-D2DF-4202-B710-07E40871C9CC}"
EndProject
Project("{FAE04EC0-301F-11D3-BF4B-00C04F79EFBC}") = "21字符串处理函数", "21字符串处理函数\21字符串处理函数.csproj", "{E0D5C002-C5EA-4566-A0AB-A3C66D63C4BE}"
EndProject
Project("{FAE04EC0-301F-11D3-BF4B-00C04F79EFBC}") = "22计算可乐瓶子数", "22计算可乐瓶子数\22计算可乐瓶子数.csproj", "{FFA3004B-FB96-437D-AE84-A9A1E605B4C0}"
EndProject
Project("{FAE04EC0-301F-11D3-BF4B-00C04F79EFBC}") = "23对字符串加密", "23对字符串加密\23对字符串加密.csproj", "{1A17F609-393D-4CB9-BF51-B933FA4DD3D0}"
EndProject
Project("{FAE04EC0-301F-11D3-BF4B-00C04F79EFBC}") = "26计算工资准备多少张人民币", "23计算工资准备多少张人民币\26计算工资准备多少张人民币.csproj", "{13ED9ECE-FE29-43CB-BECE-EF7819538D3E}"
EndProject
Project("{FAE04EC0-301F-11D3-BF4B-00C04F79EFBC}") = "24排序算法-冒泡排序", "24排序算法-冒泡排序\24排序算法-冒泡排序.csproj", "{C664E64F-D3E4-441E-B5FA-5472599F06FA}"
EndProject
Project("{FAE04EC0-301F-11D3-BF4B-00C04F79EFBC}") = "27结构函数", "26结构函数\27结构函数.csproj", "{14C5D755-081A-4AC9-859F-CEC5023AE433}"
EndProject
Project("{FAE04EC0-301F-11D3-BF4B-00C04F79EFBC}") = "28重载函数", "27重载函数\28重载函数.csproj", "{095D9415-BA67-41B9-A6A0-5A9BF59C70CA}"
EndProject
Project("{FAE04EC0-301F-11D3-BF4B-00C04F79EFBC}") = "25参数数组", "25参数数组\25参数数组.csproj", "{AB732148-DBB0-4CCA-A93B-E71BEF2D10BD}"
EndProject
Project("{FAE04EC0-301F-11D3-BF4B-00C04F79EFBC}") = "29委托", "29委托\29委托.csproj", "{C4A6DA1F-4506-4FB6-9E0C-63E0E23CD8A0}"
EndProject
Project("{FAE04EC0-301F-11D3-BF4B-00C04F79EFBC}") = "30递归", "30递归\30递归.csproj", "{40671376-7B8D-48DC-B63B-EC1342DEDFDF}"
EndProject
Project("{FAE04EC0-301F-11D3-BF4B-00C04F79EFBC}") = "31求反弹高度、长度", "31求反弹高度、长度\31求反弹高度、长度.csproj", "{E9100D9C-3028-4F40-9495-35DB7FEE1348}"
EndProject
Project("{FAE04EC0-301F-11D3-BF4B-00C04F79EFBC}") = "32四舍五入简化", "32四舍五入简化\32四舍五入简化.csproj", "{ED72AE27-3B7F-4A27-8CCF-7675769A7AF4}"
EndProject
Project("{FAE04EC0-301F-11D3-BF4B-00C04F79EFBC}") = "33百元买百鸡", "33百元买百鸡\33百元买百鸡.csproj", "{E8A8C94C-48DF-4689-806D-F9F18C45E878}"
EndProject
Global
	GlobalSection(SolutionConfigurationPlatforms) = preSolution
		Debug|Any CPU = Debug|Any CPU
		Release|Any CPU = Release|Any CPU
	EndGlobalSection
	GlobalSection(ProjectConfigurationPlatforms) = postSolution
		{241A8531-6BFD-4BFE-82FF-EB1618117125}.Debug|Any CPU.ActiveCfg = Debug|Any CPU
		{241A8531-6BFD-4BFE-82FF-EB1618117125}.Debug|Any CPU.Build.0 = Debug|Any CPU
		{241A8531-6BFD-4BFE-82FF-EB1618117125}.Release|Any CPU.ActiveCfg = Release|Any CPU
		{241A8531-6BFD-4BFE-82FF-EB1618117125}.Release|Any CPU.Build.0 = Release|Any CPU
		{D23C7046-DFF9-4C35-96ED-81537E4125DD}.Debug|Any CPU.ActiveCfg = Debug|Any CPU
		{D23C7046-DFF9-4C35-96ED-81537E4125DD}.Debug|Any CPU.Build.0 = Debug|Any CPU
		{D23C7046-DFF9-4C35-96ED-81537E4125DD}.Release|Any CPU.ActiveCfg = Release|Any CPU
		{D23C7046-DFF9-4C35-96ED-81537E4125DD}.Release|Any CPU.Build.0 = Release|Any CPU
		{B48DD0E0-0BCB-4CA5-89DA-D8B2E4965AD5}.Debug|Any CPU.ActiveCfg = Debug|Any CPU
		{B48DD0E0-0BCB-4CA5-89DA-D8B2E4965AD5}.Debug|Any CPU.Build.0 = Debug|Any CPU
		{B48DD0E0-0BCB-4CA5-89DA-D8B2E4965AD5}.Release|Any CPU.ActiveCfg = Release|Any CPU
		{B48DD0E0-0BCB-4CA5-89DA-D8B2E4965AD5}.Release|Any CPU.Build.0 = Release|Any CPU
		{566AF507-B2F8-4B3D-A8F3-07D0AA0BF826}.Debug|Any CPU.ActiveCfg = Debug|Any CPU
		{566AF507-B2F8-4B3D-A8F3-07D0AA0BF826}.Debug|Any CPU.Build.0 = Debug|Any CPU
		{566AF507-B2F8-4B3D-A8F3-07D0AA0BF826}.Release|Any CPU.ActiveCfg = Release|Any CPU
		{566AF507-B2F8-4B3D-A8F3-07D0AA0BF826}.Release|Any CPU.Build.0 = Release|Any CPU
		{67A65852-BA52-49D1-8634-648B3D1BDE5D}.Debug|Any CPU.ActiveCfg = Debug|Any CPU
		{67A65852-BA52-49D1-8634-648B3D1BDE5D}.Debug|Any CPU.Build.0 = Debug|Any CPU
		{67A65852-BA52-49D1-8634-648B3D1BDE5D}.Release|Any CPU.ActiveCfg = Release|Any CPU
		{67A65852-BA52-49D1-8634-648B3D1BDE5D}.Release|Any CPU.Build.0 = Release|Any CPU
		{DA869B5A-F2C0-45CB-B8F6-4D31CA065FFD}.Debug|Any CPU.ActiveCfg = Debug|Any CPU
		{DA869B5A-F2C0-45CB-B8F6-4D31CA065FFD}.Debug|Any CPU.Build.0 = Debug|Any CPU
		{DA869B5A-F2C0-45CB-B8F6-4D31CA065FFD}.Release|Any CPU.ActiveCfg = Release|Any CPU
		{DA869B5A-F2C0-45CB-B8F6-4D31CA065FFD}.Release|Any CPU.Build.0 = Release|Any CPU
		{AA69BD20-DF37-4FB9-806D-ED280CA97567}.Debug|Any CPU.ActiveCfg = Debug|Any CPU
		{AA69BD20-DF37-4FB9-806D-ED280CA97567}.Debug|Any CPU.Build.0 = Debug|Any CPU
		{AA69BD20-DF37-4FB9-806D-ED280CA97567}.Release|Any CPU.ActiveCfg = Release|Any CPU
		{AA69BD20-DF37-4FB9-806D-ED280CA97567}.Release|Any CPU.Build.0 = Release|Any CPU
		{E62A5CBE-79E5-46C5-9727-265F396A3F48}.Debug|Any CPU.ActiveCfg = Debug|Any CPU
		{E62A5CBE-79E5-46C5-9727-265F396A3F48}.Debug|Any CPU.Build.0 = Debug|Any CPU
		{E62A5CBE-79E5-46C5-9727-265F396A3F48}.Release|Any CPU.ActiveCfg = Release|Any CPU
		{E62A5CBE-79E5-46C5-9727-265F396A3F48}.Release|Any CPU.Build.0 = Release|Any CPU
		{50A8AB52-6256-4631-8E00-43DA9A73ED68}.Debug|Any CPU.ActiveCfg = Debug|Any CPU
		{50A8AB52-6256-4631-8E00-43DA9A73ED68}.Debug|Any CPU.Build.0 = Debug|Any CPU
		{50A8AB52-6256-4631-8E00-43DA9A73ED68}.Release|Any CPU.ActiveCfg = Release|Any CPU
		{50A8AB52-6256-4631-8E00-43DA9A73ED68}.Release|Any CPU.Build.0 = Release|Any CPU
		{3E2F9CEA-16FF-4233-90E9-5C1554FBD344}.Debug|Any CPU.ActiveCfg = Debug|Any CPU
		{3E2F9CEA-16FF-4233-90E9-5C1554FBD344}.Debug|Any CPU.Build.0 = Debug|Any CPU
		{3E2F9CEA-16FF-4233-90E9-5C1554FBD344}.Release|Any CPU.ActiveCfg = Release|Any CPU
		{3E2F9CEA-16FF-4233-90E9-5C1554FBD344}.Release|Any CPU.Build.0 = Release|Any CPU
		{C02530FD-01AA-40D0-B592-04D6815EF099}.Debug|Any CPU.ActiveCfg = Debug|Any CPU
		{C02530FD-01AA-40D0-B592-04D6815EF099}.Debug|Any CPU.Build.0 = Debug|Any CPU
		{C02530FD-01AA-40D0-B592-04D6815EF099}.Release|Any CPU.ActiveCfg = Release|Any CPU
		{C02530FD-01AA-40D0-B592-04D6815EF099}.Release|Any CPU.Build.0 = Release|Any CPU
		{55C65406-4759-4209-AE23-8B44F4EED1FD}.Debug|Any CPU.ActiveCfg = Debug|Any CPU
		{55C65406-4759-4209-AE23-8B44F4EED1FD}.Debug|Any CPU.Build.0 = Debug|Any CPU
		{55C65406-4759-4209-AE23-8B44F4EED1FD}.Release|Any CPU.ActiveCfg = Release|Any CPU
		{55C65406-4759-4209-AE23-8B44F4EED1FD}.Release|Any CPU.Build.0 = Release|Any CPU
		{4157B1E7-060D-4A00-8CF7-1DA20C295CF2}.Debug|Any CPU.ActiveCfg = Debug|Any CPU
		{4157B1E7-060D-4A00-8CF7-1DA20C295CF2}.Debug|Any CPU.Build.0 = Debug|Any CPU
		{4157B1E7-060D-4A00-8CF7-1DA20C295CF2}.Release|Any CPU.ActiveCfg = Release|Any CPU
		{4157B1E7-060D-4A00-8CF7-1DA20C295CF2}.Release|Any CPU.Build.0 = Release|Any CPU
		{59A8AF57-936C-4068-B799-37DC3A72A770}.Debug|Any CPU.ActiveCfg = Debug|Any CPU
		{59A8AF57-936C-4068-B799-37DC3A72A770}.Debug|Any CPU.Build.0 = Debug|Any CPU
		{59A8AF57-936C-4068-B799-37DC3A72A770}.Release|Any CPU.ActiveCfg = Release|Any CPU
		{59A8AF57-936C-4068-B799-37DC3A72A770}.Release|Any CPU.Build.0 = Release|Any CPU
		{A7932236-2AE1-4AF6-91F3-083DF6EECB97}.Debug|Any CPU.ActiveCfg = Debug|Any CPU
		{A7932236-2AE1-4AF6-91F3-083DF6EECB97}.Debug|Any CPU.Build.0 = Debug|Any CPU
		{A7932236-2AE1-4AF6-91F3-083DF6EECB97}.Release|Any CPU.ActiveCfg = Release|Any CPU
		{A7932236-2AE1-4AF6-91F3-083DF6EECB97}.Release|Any CPU.Build.0 = Release|Any CPU
		{925CCAF2-E859-4517-9826-F3D9E7AC39D4}.Debug|Any CPU.ActiveCfg = Debug|Any CPU
		{925CCAF2-E859-4517-9826-F3D9E7AC39D4}.Debug|Any CPU.Build.0 = Debug|Any CPU
		{925CCAF2-E859-4517-9826-F3D9E7AC39D4}.Release|Any CPU.ActiveCfg = Release|Any CPU
		{925CCAF2-E859-4517-9826-F3D9E7AC39D4}.Release|Any CPU.Build.0 = Release|Any CPU
		{BE270912-A24D-4855-8FC7-C656DEE82479}.Debug|Any CPU.ActiveCfg = Debug|Any CPU
		{BE270912-A24D-4855-8FC7-C656DEE82479}.Debug|Any CPU.Build.0 = Debug|Any CPU
		{BE270912-A24D-4855-8FC7-C656DEE82479}.Release|Any CPU.ActiveCfg = Release|Any CPU
		{BE270912-A24D-4855-8FC7-C656DEE82479}.Release|Any CPU.Build.0 = Release|Any CPU
		{F8393F45-671D-4D9B-B802-5154E9183F8B}.Debug|Any CPU.ActiveCfg = Debug|Any CPU
		{F8393F45-671D-4D9B-B802-5154E9183F8B}.Debug|Any CPU.Build.0 = Debug|Any CPU
		{F8393F45-671D-4D9B-B802-5154E9183F8B}.Release|Any CPU.ActiveCfg = Release|Any CPU
		{F8393F45-671D-4D9B-B802-5154E9183F8B}.Release|Any CPU.Build.0 = Release|Any CPU
		{923F1148-2071-4E12-B72E-9A5ACCFA0714}.Debug|Any CPU.ActiveCfg = Debug|Any CPU
		{923F1148-2071-4E12-B72E-9A5ACCFA0714}.Debug|Any CPU.Build.0 = Debug|Any CPU
		{923F1148-2071-4E12-B72E-9A5ACCFA0714}.Release|Any CPU.ActiveCfg = Release|Any CPU
		{923F1148-2071-4E12-B72E-9A5ACCFA0714}.Release|Any CPU.Build.0 = Release|Any CPU
		{0D472A4C-D2DF-4202-B710-07E40871C9CC}.Debug|Any CPU.ActiveCfg = Debug|Any CPU
		{0D472A4C-D2DF-4202-B710-07E40871C9CC}.Debug|Any CPU.Build.0 = Debug|Any CPU
		{0D472A4C-D2DF-4202-B710-07E40871C9CC}.Release|Any CPU.ActiveCfg = Release|Any CPU
		{0D472A4C-D2DF-4202-B710-07E40871C9CC}.Release|Any CPU.Build.0 = Release|Any CPU
		{E0D5C002-C5EA-4566-A0AB-A3C66D63C4BE}.Debug|Any CPU.ActiveCfg = Debug|Any CPU
		{E0D5C002-C5EA-4566-A0AB-A3C66D63C4BE}.Debug|Any CPU.Build.0 = Debug|Any CPU
		{E0D5C002-C5EA-4566-A0AB-A3C66D63C4BE}.Release|Any CPU.ActiveCfg = Release|Any CPU
		{E0D5C002-C5EA-4566-A0AB-A3C66D63C4BE}.Release|Any CPU.Build.0 = Release|Any CPU
		{FFA3004B-FB96-437D-AE84-A9A1E605B4C0}.Debug|Any CPU.ActiveCfg = Debug|Any CPU
		{FFA3004B-FB96-437D-AE84-A9A1E605B4C0}.Debug|Any CPU.Build.0 = Debug|Any CPU
		{FFA3004B-FB96-437D-AE84-A9A1E605B4C0}.Release|Any CPU.ActiveCfg = Release|Any CPU
		{FFA3004B-FB96-437D-AE84-A9A1E605B4C0}.Release|Any CPU.Build.0 = Release|Any CPU
		{1A17F609-393D-4CB9-BF51-B933FA4DD3D0}.Debug|Any CPU.ActiveCfg = Debug|Any CPU
		{1A17F609-393D-4CB9-BF51-B933FA4DD3D0}.Debug|Any CPU.Build.0 = Debug|Any CPU
		{1A17F609-393D-4CB9-BF51-B933FA4DD3D0}.Release|Any CPU.ActiveCfg = Release|Any CPU
		{1A17F609-393D-4CB9-BF51-B933FA4DD3D0}.Release|Any CPU.Build.0 = Release|Any CPU
		{13ED9ECE-FE29-43CB-BECE-EF7819538D3E}.Debug|Any CPU.ActiveCfg = Debug|Any CPU
		{13ED9ECE-FE29-43CB-BECE-EF7819538D3E}.Debug|Any CPU.Build.0 = Debug|Any CPU
		{13ED9ECE-FE29-43CB-BECE-EF7819538D3E}.Release|Any CPU.ActiveCfg = Release|Any CPU
		{13ED9ECE-FE29-43CB-BECE-EF7819538D3E}.Release|Any CPU.Build.0 = Release|Any CPU
		{C664E64F-D3E4-441E-B5FA-5472599F06FA}.Debug|Any CPU.ActiveCfg = Debug|Any CPU
		{C664E64F-D3E4-441E-B5FA-5472599F06FA}.Debug|Any CPU.Build.0 = Debug|Any CPU
		{C664E64F-D3E4-441E-B5FA-5472599F06FA}.Release|Any CPU.ActiveCfg = Release|Any CPU
		{C664E64F-D3E4-441E-B5FA-5472599F06FA}.Release|Any CPU.Build.0 = Release|Any CPU
		{14C5D755-081A-4AC9-859F-CEC5023AE433}.Debug|Any CPU.ActiveCfg = Debug|Any CPU
		{14C5D755-081A-4AC9-859F-CEC5023AE433}.Debug|Any CPU.Build.0 = Debug|Any CPU
		{14C5D755-081A-4AC9-859F-CEC5023AE433}.Release|Any CPU.ActiveCfg = Release|Any CPU
		{14C5D755-081A-4AC9-859F-CEC5023AE433}.Release|Any CPU.Build.0 = Release|Any CPU
		{095D9415-BA67-41B9-A6A0-5A9BF59C70CA}.Debug|Any CPU.ActiveCfg = Debug|Any CPU
		{095D9415-BA67-41B9-A6A0-5A9BF59C70CA}.Debug|Any CPU.Build.0 = Debug|Any CPU
		{095D9415-BA67-41B9-A6A0-5A9BF59C70CA}.Release|Any CPU.ActiveCfg = Release|Any CPU
		{095D9415-BA67-41B9-A6A0-5A9BF59C70CA}.Release|Any CPU.Build.0 = Release|Any CPU
		{AB732148-DBB0-4CCA-A93B-E71BEF2D10BD}.Debug|Any CPU.ActiveCfg = Debug|Any CPU
		{AB732148-DBB0-4CCA-A93B-E71BEF2D10BD}.Debug|Any CPU.Build.0 = Debug|Any CPU
		{AB732148-DBB0-4CCA-A93B-E71BEF2D10BD}.Release|Any CPU.ActiveCfg = Release|Any CPU
		{AB732148-DBB0-4CCA-A93B-E71BEF2D10BD}.Release|Any CPU.Build.0 = Release|Any CPU
		{C4A6DA1F-4506-4FB6-9E0C-63E0E23CD8A0}.Debug|Any CPU.ActiveCfg = Debug|Any CPU
		{C4A6DA1F-4506-4FB6-9E0C-63E0E23CD8A0}.Debug|Any CPU.Build.0 = Debug|Any CPU
		{C4A6DA1F-4506-4FB6-9E0C-63E0E23CD8A0}.Release|Any CPU.ActiveCfg = Release|Any CPU
		{C4A6DA1F-4506-4FB6-9E0C-63E0E23CD8A0}.Release|Any CPU.Build.0 = Release|Any CPU
		{40671376-7B8D-48DC-B63B-EC1342DEDFDF}.Debug|Any CPU.ActiveCfg = Debug|Any CPU
		{40671376-7B8D-48DC-B63B-EC1342DEDFDF}.Debug|Any CPU.Build.0 = Debug|Any CPU
		{40671376-7B8D-48DC-B63B-EC1342DEDFDF}.Release|Any CPU.ActiveCfg = Release|Any CPU
		{40671376-7B8D-48DC-B63B-EC1342DEDFDF}.Release|Any CPU.Build.0 = Release|Any CPU
		{E9100D9C-3028-4F40-9495-35DB7FEE1348}.Debug|Any CPU.ActiveCfg = Debug|Any CPU
		{E9100D9C-3028-4F40-9495-35DB7FEE1348}.Debug|Any CPU.Build.0 = Debug|Any CPU
		{E9100D9C-3028-4F40-9495-35DB7FEE1348}.Release|Any CPU.ActiveCfg = Release|Any CPU
		{E9100D9C-3028-4F40-9495-35DB7FEE1348}.Release|Any CPU.Build.0 = Release|Any CPU
		{ED72AE27-3B7F-4A27-8CCF-7675769A7AF4}.Debug|Any CPU.ActiveCfg = Debug|Any CPU
		{ED72AE27-3B7F-4A27-8CCF-7675769A7AF4}.Debug|Any CPU.Build.0 = Debug|Any CPU
		{ED72AE27-3B7F-4A27-8CCF-7675769A7AF4}.Release|Any CPU.ActiveCfg = Release|Any CPU
		{ED72AE27-3B7F-4A27-8CCF-7675769A7AF4}.Release|Any CPU.Build.0 = Release|Any CPU
		{E8A8C94C-48DF-4689-806D-F9F18C45E878}.Debug|Any CPU.ActiveCfg = Debug|Any CPU
		{E8A8C94C-48DF-4689-806D-F9F18C45E878}.Debug|Any CPU.Build.0 = Debug|Any CPU
		{E8A8C94C-48DF-4689-806D-F9F18C45E878}.Release|Any CPU.ActiveCfg = Release|Any CPU
		{E8A8C94C-48DF-4689-806D-F9F18C45E878}.Release|Any CPU.Build.0 = Release|Any CPU
	EndGlobalSection
	GlobalSection(SolutionProperties) = preSolution
		HideSolutionNode = FALSE
	EndGlobalSection
	GlobalSection(ExtensibilityGlobals) = postSolution
		SolutionGuid = {EEAD34C4-1FF6-4759-B4CC-1F9D4A0B20F9}
	EndGlobalSection
EndGlobal
